hash: 0cfc01ba598e093bb9b31dff12cfcb5943ad20fef14d2e3016aff43c50ed673b
updated: 2016-12-11T17:03:44.139463717+09:00
imports:
- name: github.com/go-clang/v3.9
  version: 672a03cec7596e03cfecaaf8139021eb5a5f1097
  subpackages:
  - clang
- name: github.com/golang/snappy
  version: d9eb7a3d35ec988b8585d4a0068e462c27d28380
- name: github.com/google/flatbuffers
  version: 059661b9ac8bf9998f16a9b1fcd5eb9b6fbc375f
  subpackages:
  - go
- name: github.com/minio/blake2b-simd
  version: 3f5f724cb5b182a5c278d6d3d55b40e7f8c2efb4
- name: github.com/pkg/errors
  version: 248dadf4e9068a0b3e79f02ed0a610d935de5302
- name: github.com/syndtr/goleveldb
  version: 6b4daa5362b502898ddf367c5c11deb9e7a5c727
  subpackages:
  - leveldb
  - leveldb/cache
  - leveldb/comparer
  - leveldb/errors
  - leveldb/filter
  - leveldb/iterator
  - leveldb/journal
  - leveldb/memdb
  - leveldb/opt
  - leveldb/storage
  - leveldb/table
  - leveldb/util
- name: github.com/uber-go/atomic
  version: 9e99152552a6ce13fa3b2ce4a9c4fb117cca4506
- name: github.com/uber-go/zap
  version: 35cd7966cc81adc0449c91b3f6b1939812be73aa
- name: golang.org/x/sync
  version: 450f422ab23cf9881c94e2db30cac0eb1b7cf80c
  subpackages:
  - errgroup
testImports: []
