# This file is autogenerated, do not edit; changes may be undone by the next 'dep ensure'.


[[projects]]
  branch = "master"
  name = "github.com/davecgh/go-spew"
  packages = ["spew"]
  revision = "782f4967f2dc4564575ca782fe2d04090b5faca8"

[[projects]]
  branch = "master"
  name = "github.com/go-clang/v3.9"
  packages = ["clang"]
  revision = "672a03cec7596e03cfecaaf8139021eb5a5f1097"

[[projects]]
  branch = "master"
  name = "github.com/golang/protobuf"
  packages = ["proto","ptypes/any"]
  revision = "6a1fa9404c0aebf36c879bc50152edcc953910d2"

[[projects]]
  branch = "master"
  name = "github.com/golang/snappy"
  packages = ["."]
  revision = "553a641470496b2327abcac10b36396bd98e45c9"

[[projects]]
  branch = "master"
  name = "github.com/google/flatbuffers"
  packages = ["go"]
  revision = "0e85eeef2c6ed3eb9ec201aaea6caa62612a8522"

[[projects]]
  branch = "master"
  name = "github.com/minio/blake2b-simd"
  packages = ["."]
  revision = "3f5f724cb5b182a5c278d6d3d55b40e7f8c2efb4"

[[projects]]
  branch = "master"
  name = "github.com/pkg/errors"
  packages = ["."]
  revision = "c605e284fe17294bda444b34710735b29d1a9d90"

[[projects]]
  branch = "master"
  name = "github.com/pkgutil/osutil"
  packages = ["."]
  revision = "2114b006ce9b46aab99fc7c623940ae0b81bcf3d"

[[projects]]
  branch = "master"
  name = "github.com/pkgutil/stringsutil"
  packages = ["."]
  revision = "2011ad9215062785f1379c0ed255576af17dd31e"

[[projects]]
  branch = "master"
  name = "github.com/syndtr/goleveldb"
  packages = ["leveldb","leveldb/cache","leveldb/comparer","leveldb/errors","leveldb/filter","leveldb/iterator","leveldb/journal","leveldb/memdb","leveldb/opt","leveldb/storage","leveldb/table","leveldb/util"]
  revision = "8c81ea47d4c41a385645e133e15510fc6a2a74b4"

[[projects]]
  branch = "master"
  name = "github.com/tmthrgd/asm"
  packages = ["."]
  revision = "9eb0d32afbc45ba3539ff5f3d1e0aac4489c9d39"

[[projects]]
  branch = "master"
  name = "github.com/tmthrgd/go-hex"
  packages = ["."]
  revision = "13ed8ac0738b1390630f86f6bf0943730c6d8037"

[[projects]]
  branch = "master"
  name = "github.com/zchee/go-xdgbasedir"
  packages = [".","home"]
  revision = "0ecb8d9ebf325f0c0a527f8ff09a3ed44f05d2c5"

[[projects]]
  branch = "master"
  name = "golang.org/x/net"
  packages = ["context","http2","http2/hpack","idna","internal/timeseries","lex/httplex","trace"]
  revision = "054b33e6527139ad5b1ec2f6232c3b175bd9a30c"

[[projects]]
  branch = "master"
  name = "golang.org/x/text"
  packages = ["internal/gen","internal/triegen","internal/ucd","secure/bidirule","transform","unicode/bidi","unicode/cldr","unicode/norm","unicode/rangetable"]
  revision = "2bf8f2a19ec09c670e931282edfe6567f6be21c9"

[[projects]]
  branch = "master"
  name = "google.golang.org/genproto"
  packages = ["googleapis/rpc/status"]
  revision = "aa2eb687b4d3e17154372564ad8d6bf11c3cf21f"

[[projects]]
  branch = "master"
  name = "google.golang.org/grpc"
  packages = [".","codes","credentials","grpclb/grpc_lb_v1","grpclog","internal","keepalive","metadata","naming","peer","stats","status","tap","transport"]
  revision = "41d9b6ea2a6335f3a22074ed35c0542c9da1baf4"

[solve-meta]
  analyzer-name = "dep"
  analyzer-version = 1
  inputs-digest = "638e0189bff909fb1b73be24ff5e58e212c73313b8ceb9c4a8d51be59eab59bf"
  solver-name = "gps-cdcl"
  solver-version = 1
